
Microsoft Visual Studio Solution File, Format Version 12.00
# Visual Studio Version 17
VisualStudioVersion = 17.3.32929.385
MinimumVisualStudioVersion = 10.0.40219.1
Project("{FAE04EC0-301F-11D3-BF4B-00C04F79EFBC}") = "rot13", "rot13\rot13.csproj", "{17F226DB-C119-43B1-A2F0-4B52D0BDD91B}"
EndProject
Global
	GlobalSection(SolutionConfigurationPlatforms) = preSolution
		Debug|Any CPU = Debug|Any CPU
		Release|Any CPU = Release|Any CPU
	EndGlobalSection
	GlobalSection(ProjectConfigurationPlatforms) = postSolution
		{17F226DB-C119-43B1-A2F0-4B52D0BDD91B}.Debug|Any CPU.ActiveCfg = Debug|Any CPU
		{17F226DB-C119-43B1-A2F0-4B52D0BDD91B}.Debug|Any CPU.Build.0 = Debug|Any CPU
		{17F226DB-C119-43B1-A2F0-4B52D0BDD91B}.Release|Any CPU.ActiveCfg = Release|Any CPU
		{17F226DB-C119-43B1-A2F0-4B52D0BDD91B}.Release|Any CPU.Build.0 = Release|Any CPU
	EndGlobalSection
	GlobalSection(SolutionProperties) = preSolution
		HideSolutionNode = FALSE
	EndGlobalSection
	GlobalSection(ExtensibilityGlobals) = postSolution
		SolutionGuid = {2CEAA1EA-62E9-4A14-9CE9-040FCAEE1331}
	EndGlobalSection
EndGlobal
